
Microsoft Visual Studio Solution File, Format Version 12.00
# Visual Studio Version 16
VisualStudioVersion = 16.0.30413.136
MinimumVisualStudioVersion = 10.0.40219.1
Project("{9A19103F-16F7-4668-BE54-9A1E7A4F7556}") = "PortfolioTracker", "PortfolioTracker\PortfolioTracker.csproj", "{5A5F3F5E-1076-4D28-817A-9B331A597B74}"
EndProject
Project("{FAE04EC0-301F-11D3-BF4B-00C04F79EFBC}") = "PortfolioTracker.Database", "PortfolioTracker.Database\PortfolioTracker.Database.csproj", "{539BBFD4-80EE-4ABF-9027-A3EF94F77037}"
EndProject
Global
	GlobalSection(SolutionConfigurationPlatforms) = preSolution
		Debug|Any CPU = Debug|Any CPU
		Release|Any CPU = Release|Any CPU
	EndGlobalSection
	GlobalSection(ProjectConfigurationPlatforms) = postSolution
		{5A5F3F5E-1076-4D28-817A-9B331A597B74}.Debug|Any CPU.ActiveCfg = Debug|Any CPU
		{5A5F3F5E-1076-4D28-817A-9B331A597B74}.Debug|Any CPU.Build.0 = Debug|Any CPU
		{5A5F3F5E-1076-4D28-817A-9B331A597B74}.Release|Any CPU.ActiveCfg = Release|Any CPU
		{5A5F3F5E-1076-4D28-817A-9B331A597B74}.Release|Any CPU.Build.0 = Release|Any CPU
		{539BBFD4-80EE-4ABF-9027-A3EF94F77037}.Debug|Any CPU.ActiveCfg = Debug|Any CPU
		{539BBFD4-80EE-4ABF-9027-A3EF94F77037}.Debug|Any CPU.Build.0 = Debug|Any CPU
		{539BBFD4-80EE-4ABF-9027-A3EF94F77037}.Release|Any CPU.ActiveCfg = Release|Any CPU
		{539BBFD4-80EE-4ABF-9027-A3EF94F77037}.Release|Any CPU.Build.0 = Release|Any CPU
	EndGlobalSection
	GlobalSection(SolutionProperties) = preSolution
		HideSolutionNode = FALSE
	EndGlobalSection
	GlobalSection(ExtensibilityGlobals) = postSolution
		SolutionGuid = {F0AEC660-A590-4E2A-8A86-8CE6B8B8D4FE}
	EndGlobalSection
EndGlobal
